github.com/phuslu/log v1.0.122 h1:oVQuamlYeeVl0sXblxNJ8JRZEI0HqoL0r7Ju7+zoNNE=
github.com/phuslu/log v1.0.122/go.mod h1:F8osGJADo5qLK/0F88djWwdyoZZ9xDJQL1HYRHFEkS0=
github.com/phuslu/log v1.0.123-0.20260314114120-002d851c0347 h1:mtCkeS4XnEaDm/tbYFFqedMA5qd/bUZ81t1yJ41om8Y=
github.com/phuslu/log v1.0.123-0.20260314114120-002d851c0347/go.mod h1:F8osGJADo5qLK/0F88djWwdyoZZ9xDJQL1HYRHFEkS0=
